# This file is automatically @generated by Cargo.
# It is not intended for manual editing.
version = 3

[[package]]
name = "bkg"
version = "0.1.0"
dependencies = [
 "bkg-api",
 "bkg-cli",
 "bkg-core",
 "plugin-cave",
 "plugin-p2p",
]

[[package]]
name = "bkg-api"
version = "0.1.0"
dependencies = [
 "anyhow",
 "axum",
 "bkg-core",
 "prometheus",
 "tokio",
 "tower",
 "tower-http",
 "tracing",
 "tracing-subscriber",
 "uuid",
]

[[package]]
name = "bkg-cli"
version = "0.1.0"
dependencies = [
 "anyhow",
 "clap",
 "reqwest",
 "serde",
 "serde_json",
 "tokio",
]

[[package]]
name = "bkg-core"
version = "0.1.0"
dependencies = [
 "anyhow",
 "async-trait",
 "chrono",
 "parking_lot",
 "serde",
 "thiserror",
 "tracing",
]

[[package]]
name = "plugin-cave"
version = "0.1.0"
dependencies = [
 "async-trait",
 "bkg-core",
 "tracing",
]

[[package]]
name = "plugin-p2p"
version = "0.1.0"
dependencies = [
 "async-trait",
 "bkg-core",
 "tracing",
]
